
Microsoft Visual Studio Solution File, Format Version 12.00
# Visual Studio 2017
Project("{FAE04EC0-301F-11D3-BF4B-00C04F79EFBC}") = "StayOnPlatform.Plugins", "StayOnPlatform.Plugins.csproj", "{AF30C66D-494B-1443-92D0-E4817084375E}"
EndProject
Project("{FAE04EC0-301F-11D3-BF4B-00C04F79EFBC}") = "StayOnPlatform", "StayOnPlatform.csproj", "{0818C718-D00D-12B8-3A57-7BA295FACAAF}"
EndProject
Project("{FAE04EC0-301F-11D3-BF4B-00C04F79EFBC}") = "StayOnPlatform.Editor.Plugins", "StayOnPlatform.Editor.Plugins.csproj", "{542A20C7-C92C-610A-FFB5-527662F3440A}"
EndProject
Global
	GlobalSection(SolutionConfigurationPlatforms) = preSolution
		Debug|Any CPU = Debug|Any CPU
		Release|Any CPU = Release|Any CPU
	EndGlobalSection
	GlobalSection(ProjectConfigurationPlatforms) = postSolution
		{AF30C66D-494B-1443-92D0-E4817084375E}.Debug|Any CPU.ActiveCfg = Debug|Any CPU
		{AF30C66D-494B-1443-92D0-E4817084375E}.Debug|Any CPU.Build.0 = Debug|Any CPU
		{AF30C66D-494B-1443-92D0-E4817084375E}.Release|Any CPU.ActiveCfg = Release|Any CPU
		{AF30C66D-494B-1443-92D0-E4817084375E}.Release|Any CPU.Build.0 = Release|Any CPU
		{0818C718-D00D-12B8-3A57-7BA295FACAAF}.Debug|Any CPU.ActiveCfg = Debug|Any CPU
		{0818C718-D00D-12B8-3A57-7BA295FACAAF}.Debug|Any CPU.Build.0 = Debug|Any CPU
		{0818C718-D00D-12B8-3A57-7BA295FACAAF}.Release|Any CPU.ActiveCfg = Release|Any CPU
		{0818C718-D00D-12B8-3A57-7BA295FACAAF}.Release|Any CPU.Build.0 = Release|Any CPU
		{542A20C7-C92C-610A-FFB5-527662F3440A}.Debug|Any CPU.ActiveCfg = Debug|Any CPU
		{542A20C7-C92C-610A-FFB5-527662F3440A}.Debug|Any CPU.Build.0 = Debug|Any CPU
		{542A20C7-C92C-610A-FFB5-527662F3440A}.Release|Any CPU.ActiveCfg = Release|Any CPU
		{542A20C7-C92C-610A-FFB5-527662F3440A}.Release|Any CPU.Build.0 = Release|Any CPU
	EndGlobalSection
	GlobalSection(SolutionProperties) = preSolution
		HideSolutionNode = FALSE
	EndGlobalSection
EndGlobal
